// !$*UTF8*$!
{
	archiveVersion = 1;
	classes = {
	};
	objectVersion = 46;
	objects = {

/* Begin PBXBuildFile section */
		7657228A1A9F2DEC003A2158 /* libz.dylib in Frameworks */ = {isa = PBXBuildFile; fileRef = 765722891A9F2DEC003A2158 /* libz.dylib */; };
		7657228C1A9F2E41003A2158 /* libiconv.dylib in Frameworks */ = {isa = PBXBuildFile; fileRef = 7657228B1A9F2E41003A2158 /* libiconv.dylib */; };
		768620771A9E247E0054E949 /* hfscompressor.c in Sources */ = {isa = PBXBuildFile; fileRef = 768620761A9E247E0054E949 /* hfscompressor.c */; };
/* End PBXBuildFile section */

/* Begin PBXFileReference section */
		765722891A9F2DEC003A2158 /* libz.dylib */ = {isa = PBXFileReference; lastKnownFileType = "compiled.mach-o.dylib"; name = libz.dylib; path = Platforms/MacOSX.platform/Developer/SDKs/MacOSX10.9.sdk/usr/lib/libz.dylib; sourceTree = DEVELOPER_DIR; };
		7657228B1A9F2E41003A2158 /* libiconv.dylib */ = {isa = PBXFileReference; lastKnownFileType = "compiled.mach-o.dylib"; name = libiconv.dylib; path = Platforms/MacOSX.platform/Developer/SDKs/MacOSX10.9.sdk/usr/lib/libiconv.dylib; sourceTree = DEVELOPER_DIR; };
		7686206F1A9E24550054E949 /* libhfscompressor.dylib */ = {isa = PBXFileReference; explicitFileType = "compiled.mach-o.dylib"; includeInIndex = 0; path = libhfscompressor.dylib; sourceTree = BUILT_PRODUCTS_DIR; };
		768620761A9E247E0054E949 /* hfscompressor.c */ = {isa = PBXFileReference; fileEncoding = 4; lastKnownFileType = sourcecode.c.c; path = hfscompressor.c; sourceTree = "<group>"; };
/* End PBXFileReference section */

/* Begin PBXFrameworksBuildPhase section */
		7686206C1A9E24550054E949 /* Frameworks */ = {
			isa = PBXFrameworksBuildPhase;
			buildActionMask = 2147483647;
			files = (
				7657228C1A9F2E41003A2158 /* libiconv.dylib in Frameworks */,
				7657228A1A9F2DEC003A2158 /* libz.dylib in Frameworks */,
			);
			runOnlyForDeploymentPostprocessing = 0;
		};
/* End PBXFrameworksBuildPhase section */

/* Begin PBXGroup section */
		768620661A9E24550054E949 = {
			isa = PBXGroup;
			children = (
				7657228B1A9F2E41003A2158 /* libiconv.dylib */,
				765722891A9F2DEC003A2158 /* libz.dylib */,
				768620761A9E247E0054E949 /* hfscompressor.c */,
				768620701A9E24550054E949 /* Products */,
			);
			sourceTree = "<group>";
		};
		768620701A9E24550054E949 /* Products */ = {
			isa = PBXGroup;
			children = (
				7686206F1A9E24550054E949 /* libhfscompressor.dylib */,
			);
			name = Products;
			sourceTree = "<group>";
		};
/* End PBXGroup section */

/* Begin PBXHeadersBuildPhase section */
		7686206D1A9E24550054E949 /* Headers */ = {
			isa = PBXHeadersBuildPhase;
			buildActionMask = 2147483647;
			files = (
			);
			runOnlyForDeploymentPostprocessing = 0;
		};
/* End PBXHeadersBuildPhase section */

/* Begin PBXNativeTarget section */
		7686206E1A9E24550054E949 /* hfscompressor */ = {
			isa = PBXNativeTarget;
			buildConfigurationList = 768620731A9E24550054E949 /* Build configuration list for PBXNativeTarget "hfscompressor" */;
			buildPhases = (
				7686206B1A9E24550054E949 /* Sources */,
				7686206C1A9E24550054E949 /* Frameworks */,
				7686206D1A9E24550054E949 /* Headers */,
			);
			buildRules = (
			);
			dependencies = (
			);
			name = hfscompressor;
			productName = hfscompressor;
			productReference = 7686206F1A9E24550054E949 /* libhfscompressor.dylib */;
			productType = "com.apple.product-type.library.dynamic";
		};
/* End PBXNativeTarget section */

/* Begin PBXProject section */
		768620671A9E24550054E949 /* Project object */ = {
			isa = PBXProject;
			attributes = {
				LastUpgradeCheck = 0610;
				ORGANIZATIONNAME = "Mario Zechner";
				TargetAttributes = {
					7686206E1A9E24550054E949 = {
						CreatedOnToolsVersion = 6.1.1;
					};
				};
			};
			buildConfigurationList = 7686206A1A9E24550054E949 /* Build configuration list for PBXProject "hfscompressor" */;
			compatibilityVersion = "Xcode 3.2";
			developmentRegion = English;
			hasScannedForEncodings = 0;
			knownRegions = (
				en,
			);
			mainGroup = 768620661A9E24550054E949;
			productRefGroup = 768620701A9E24550054E949 /* Products */;
			projectDirPath = "";
			projectRoot = "";
			targets = (
				7686206E1A9E24550054E949 /* hfscompressor */,
			);
		};
/* End PBXProject section */

/* Begin PBXSourcesBuildPhase section */
		7686206B1A9E24550054E949 /* Sources */ = {
			isa = PBXSourcesBuildPhase;
			buildActionMask = 2147483647;
			files = (
				768620771A9E247E0054E949 /* hfscompressor.c in Sources */,
			);
			runOnlyForDeploymentPostprocessing = 0;
		};
/* End PBXSourcesBuildPhase section */

/* Begin XCBuildConfiguration section */
		768620711A9E24550054E949 /* Debug */ = {
			isa = XCBuildConfiguration;
			buildSettings = {
				ALWAYS_SEARCH_USER_PATHS = NO;
				CLANG_CXX_LANGUAGE_STANDARD = "gnu++0x";
				CLANG_CXX_LIBRARY = "libc++";
				CLANG_ENABLE_MODULES = YES;
				CLANG_ENABLE_OBJC_ARC = YES;
				CLANG_WARN_BOOL_CONVERSION = YES;
				CLANG_WARN_CONSTANT_CONVERSION = YES;
				CLANG_WARN_DIRECT_OBJC_ISA_USAGE = YES_ERROR;
				CLANG_WARN_EMPTY_BODY = YES;
				CLANG_WARN_ENUM_CONVERSION = YES;
				CLANG_WARN_INT_CONVERSION = YES;
				CLANG_WARN_OBJC_ROOT_CLASS = YES_ERROR;
				CLANG_WARN_UNREACHABLE_CODE = YES;
				CLANG_WARN__DUPLICATE_METHOD_MATCH = YES;
				COPY_PHASE_STRIP = NO;
				ENABLE_STRICT_OBJC_MSGSEND = YES;
				GCC_C_LANGUAGE_STANDARD = gnu99;
				GCC_DYNAMIC_NO_PIC = NO;
				GCC_OPTIMIZATION_LEVEL = 0;
				GCC_PREPROCESSOR_DEFINITIONS = (
					"DEBUG=1",
					"$(inherited)",
				);
				GCC_SYMBOLS_PRIVATE_EXTERN = NO;
				GCC_WARN_64_TO_32_BIT_CONVERSION = YES;
				GCC_WARN_ABOUT_RETURN_TYPE = YES_ERROR;
				GCC_WARN_UNDECLARED_SELECTOR = YES;
				GCC_WARN_UNINITIALIZED_AUTOS = YES_AGGRESSIVE;
				GCC_WARN_UNUSED_FUNCTION = YES;
				GCC_WARN_UNUSED_VARIABLE = YES;
				MACOSX_DEPLOYMENT_TARGET = 10.6;
				MTL_ENABLE_DEBUG_INFO = YES;
				ONLY_ACTIVE_ARCH = YES;
				SDKROOT = macosx;
			};
			name = Debug;
		};
		768620721A9E24550054E949 /* Release */ = {
			isa = XCBuildConfiguration;
			buildSettings = {
				ALWAYS_SEARCH_USER_PATHS = NO;
				CLANG_CXX_LANGUAGE_STANDARD = "gnu++0x";
				CLANG_CXX_LIBRARY = "libc++";
				CLANG_ENABLE_MODULES = YES;
				CLANG_ENABLE_OBJC_ARC = YES;
				CLANG_WARN_BOOL_CONVERSION = YES;
				CLANG_WARN_CONSTANT_CONVERSION = YES;
				CLANG_WARN_DIRECT_OBJC_ISA_USAGE = YES_ERROR;
				CLANG_WARN_EMPTY_BODY = YES;
				CLANG_WARN_ENUM_CONVERSION = YES;
				CLANG_WARN_INT_CONVERSION = YES;
				CLANG_WARN_OBJC_ROOT_CLASS = YES_ERROR;
				CLANG_WARN_UNREACHABLE_CODE = YES;
				CLANG_WARN__DUPLICATE_METHOD_MATCH = YES;
				COPY_PHASE_STRIP = YES;
				DEBUG_INFORMATION_FORMAT = "dwarf-with-dsym";
				ENABLE_NS_ASSERTIONS = NO;
				ENABLE_STRICT_OBJC_MSGSEND = YES;
				GCC_C_LANGUAGE_STANDARD = gnu99;
				GCC_WARN_64_TO_32_BIT_CONVERSION = YES;
				GCC_WARN_ABOUT_RETURN_TYPE = YES_ERROR;
				GCC_WARN_UNDECLARED_SELECTOR = YES;
				GCC_WARN_UNINITIALIZED_AUTOS = YES_AGGRESSIVE;
				GCC_WARN_UNUSED_FUNCTION = YES;
				GCC_WARN_UNUSED_VARIABLE = YES;
				MACOSX_DEPLOYMENT_TARGET = 10.6;
				MTL_ENABLE_DEBUG_INFO = NO;
				SDKROOT = macosx;
			};
			name = Release;
		};
		768620741A9E24550054E949 /* Debug */ = {
			isa = XCBuildConfiguration;
			buildSettings = {
				ARCHS = "$(ARCHS_STANDARD)";
				DYLIB_COMPATIBILITY_VERSION = 1;
				DYLIB_CURRENT_VERSION = 1;
				EXECUTABLE_PREFIX = lib;
				LIBRARY_SEARCH_PATHS = "";
				OTHER_LDFLAGS = "libarchive-3.1.2/libarchive/libarchive.a";
				PRODUCT_NAME = "$(TARGET_NAME)";
				SDKROOT = macosx;
				USER_HEADER_SEARCH_PATHS = "/System/Library/Frameworks/JavaVM.framework/Headers libarchive-3.1.2/libarchive";
			};
			name = Debug;
		};
		768620751A9E24550054E949 /* Release */ = {
			isa = XCBuildConfiguration;
			buildSettings = {
				ARCHS = "$(ARCHS_STANDARD)";
				DYLIB_COMPATIBILITY_VERSION = 1;
				DYLIB_CURRENT_VERSION = 1;
				EXECUTABLE_PREFIX = lib;
				LIBRARY_SEARCH_PATHS = "";
				OTHER_LDFLAGS = "libarchive-3.1.2/libarchive/libarchive.a";
				PRODUCT_NAME = "$(TARGET_NAME)";
				SDKROOT = macosx;
				USER_HEADER_SEARCH_PATHS = "/System/Library/Frameworks/JavaVM.framework/Headers libarchive-3.1.2/libarchive";
			};
			name = Release;
		};
/* End XCBuildConfiguration section */

/* Begin XCConfigurationList section */
		7686206A1A9E24550054E949 /* Build configuration list for PBXProject "hfscompressor" */ = {
			isa = XCConfigurationList;
			buildConfigurations = (
				768620711A9E24550054E949 /* Debug */,
				768620721A9E24550054E949 /* Release */,
			);
			defaultConfigurationIsVisible = 0;
			defaultConfigurationName = Release;
		};
		768620731A9E24550054E949 /* Build configuration list for PBXNativeTarget "hfscompressor" */ = {
			isa = XCConfigurationList;
			buildConfigurations = (
				768620741A9E24550054E949 /* Debug */,
				768620751A9E24550054E949 /* Release */,
			);
			defaultConfigurationIsVisible = 0;
			defaultConfigurationName = Release;
		};
/* End XCConfigurationList section */
	};
	rootObject = 768620671A9E24550054E949 /* Project object */;
}
