// !$*UTF8*$!
{
	archiveVersion = 1;
	classes = {
	};
	objectVersion = 46;
	objects = {

/* Begin PBXAggregateTarget section */
		086BE17339AC45299994BA93 /* ALL_BUILD */ = {
			isa = PBXAggregateTarget;
			buildConfigurationList = C08DAB5F433A4354929927BD /* Build configuration list for PBXAggregateTarget "ALL_BUILD" */;
			buildPhases = (
				6255E9ADD68946DF9717984F /* CMake Rules */,
			);
			dependencies = (
				8D71798744B94633B207E3B4 /* PBXTargetDependency */,
				4198BCE0153D4E16944EF956 /* PBXTargetDependency */,
				C3C1CC55376F4DCF8E85BAB8 /* PBXTargetDependency */,
				15FC2F5E6B244E8D874C020F /* PBXTargetDependency */,
			);
			name = ALL_BUILD;
			productName = ALL_BUILD;
		};
		81C1A6EC295B4ED498117A7A /* extllvm */ = {
			isa = PBXAggregateTarget;
			buildConfigurationList = A52AB67D075D4D4C8E920F07 /* Build configuration list for PBXAggregateTarget "extllvm" */;
			buildPhases = (
				33E6CBABD8B64AD28F7A641D /* CMake Rules */,
			);
			dependencies = (
				9EEFBA358E8145B3B033098F /* PBXTargetDependency */,
				6A9AE20B7AD24A688E83746E /* PBXTargetDependency */,
			);
			name = extllvm;
			productName = extllvm;
		};
		8C12A32502EF4EB78D2948A4 /* ZERO_CHECK */ = {
			isa = PBXAggregateTarget;
			buildConfigurationList = F9B4BE851CAD4DAEADE04B84 /* Build configuration list for PBXAggregateTarget "ZERO_CHECK" */;
			buildPhases = (
				35CCE62800FE447895379C4D /* CMake Rules */,
			);
			dependencies = (
			);
			name = ZERO_CHECK;
			productName = ZERO_CHECK;
		};
		B485994AE0594BADA55BFBDE /* extclang */ = {
			isa = PBXAggregateTarget;
			buildConfigurationList = 1323B82EA9C8417085B7AB06 /* Build configuration list for PBXAggregateTarget "extclang" */;
			buildPhases = (
				BEA3E058A0774F9DB00AAC67 /* CMake Rules */,
			);
			dependencies = (
				58FA5CD918D245209DF03851 /* PBXTargetDependency */,
			);
			name = extclang;
			productName = extclang;
		};
		E5BC11D4EA864C0E8DB6546A /* install */ = {
			isa = PBXAggregateTarget;
			buildConfigurationList = F38DD4AAA99F48D9BA91F4D2 /* Build configuration list for PBXAggregateTarget "install" */;
			buildPhases = (
				B86BC647EF9E467ABD2D811A /* CMake PostBuild Rules */,
			);
			dependencies = (
				9D8401D67AC141B1B45FFB25 /* PBXTargetDependency */,
			);
			name = install;
			productName = install;
		};
/* End PBXAggregateTarget section */

/* Begin PBXBuildFile section */
		040AD80527D14294990FC980 /* /Users/yy/bugvm/bugvm/llvm/src/main/native/ClangExtra.cpp */ = {isa = PBXBuildFile; fileRef = 9D71C62E0DC8400F983CEDC6 /* /Users/yy/bugvm/bugvm/llvm/src/main/native/ClangExtra.cpp */; settings = {COMPILER_FLAGS = ""; }; };
		2D27FAC79CD348998454BD6A /* /Users/yy/bugvm/bugvm/llvm/src/main/native/LLVM_wrap.c */ = {isa = PBXBuildFile; fileRef = 10B0F48225AE4D85A3B5E2A7 /* /Users/yy/bugvm/bugvm/llvm/src/main/native/LLVM_wrap.c */; settings = {COMPILER_FLAGS = ""; }; };
		3558BC85523E433BB46CB8EA /* /Users/yy/bugvm/bugvm/llvm/CMakeLists.txt */ = {isa = PBXBuildFile; fileRef = 97D3CB604951454EA2D17738 /* /Users/yy/bugvm/bugvm/llvm/CMakeLists.txt */; settings = {COMPILER_FLAGS = ""; }; };
		9F366ECF8E7D417E86736212 /* /Users/yy/bugvm/bugvm/llvm/src/main/native/LLVMExtra.cpp */ = {isa = PBXBuildFile; fileRef = 11851BFEB72D4176A3A21986 /* /Users/yy/bugvm/bugvm/llvm/src/main/native/LLVMExtra.cpp */; settings = {COMPILER_FLAGS = ""; }; };
/* End PBXBuildFile section */

/* Begin PBXBuildStyle section */
		17C8CEA905D34B81B9D2E5D1 = {
			isa = PBXBuildStyle;
		};
		33D4DBD805E1406EBB17F490 /* Release */ = {
			isa = PBXBuildStyle;
			buildSettings = {
				COPY_PHASE_STRIP = NO;
			};
			name = Release;
		};
		8945295648344D33B5816062 /* MinSizeRel */ = {
			isa = PBXBuildStyle;
			buildSettings = {
				COPY_PHASE_STRIP = NO;
			};
			name = MinSizeRel;
		};
		9F3E1869A0D04D0C88F1883A /* RelWithDebInfo */ = {
			isa = PBXBuildStyle;
			buildSettings = {
				COPY_PHASE_STRIP = NO;
			};
			name = RelWithDebInfo;
		};
		F229DB0091354966B682A75F /* Debug */ = {
			isa = PBXBuildStyle;
			buildSettings = {
				COPY_PHASE_STRIP = NO;
			};
			name = Debug;
		};
/* End PBXBuildStyle section */

/* Begin PBXContainerItemProxy section */
		0E4749133B754E29B085C856 /* PBXContainerItemProxy */ = {
			isa = PBXContainerItemProxy;
			containerPortal = 79A77020A0FB44339E019A40 /* Project object */;
			proxyType = 1;
			remoteGlobalIDString = 81C1A6EC295B4ED498117A7A;
			remoteInfo = extllvm;
		};
		1134D4E4BE114980BC71041C /* PBXContainerItemProxy */ = {
			isa = PBXContainerItemProxy;
			containerPortal = 79A77020A0FB44339E019A40 /* Project object */;
			proxyType = 1;
			remoteGlobalIDString = 086BE17339AC45299994BA93;
			remoteInfo = ALL_BUILD;
		};
		3858C6250E3E4ED794097BE0 /* PBXContainerItemProxy */ = {
			isa = PBXContainerItemProxy;
			containerPortal = 79A77020A0FB44339E019A40 /* Project object */;
			proxyType = 1;
			remoteGlobalIDString = B485994AE0594BADA55BFBDE;
			remoteInfo = extclang;
		};
		3C26E8CC3D304256A3DC4FCF /* PBXContainerItemProxy */ = {
			isa = PBXContainerItemProxy;
			containerPortal = 79A77020A0FB44339E019A40 /* Project object */;
			proxyType = 1;
			remoteGlobalIDString = 8C12A32502EF4EB78D2948A4;
			remoteInfo = ZERO_CHECK;
		};
		75EA0D885C304DA3B45A535A /* PBXContainerItemProxy */ = {
			isa = PBXContainerItemProxy;
			containerPortal = 79A77020A0FB44339E019A40 /* Project object */;
			proxyType = 1;
			remoteGlobalIDString = 8C12A32502EF4EB78D2948A4;
			remoteInfo = ZERO_CHECK;
		};
		7E5CB4C9EE464571B5C7212F /* PBXContainerItemProxy */ = {
			isa = PBXContainerItemProxy;
			containerPortal = 79A77020A0FB44339E019A40 /* Project object */;
			proxyType = 1;
			remoteGlobalIDString = B485994AE0594BADA55BFBDE;
			remoteInfo = extclang;
		};
		85B33A090ACF48D88C3D57D8 /* PBXContainerItemProxy */ = {
			isa = PBXContainerItemProxy;
			containerPortal = 79A77020A0FB44339E019A40 /* Project object */;
			proxyType = 1;
			remoteGlobalIDString = D0A589F26F8B4089B720D0E4;
			remoteInfo = "bugvm-llvm";
		};
		87EDFE95E9B3456A8D627066 /* PBXContainerItemProxy */ = {
			isa = PBXContainerItemProxy;
			containerPortal = 79A77020A0FB44339E019A40 /* Project object */;
			proxyType = 1;
			remoteGlobalIDString = 81C1A6EC295B4ED498117A7A;
			remoteInfo = extllvm;
		};
		BAF9A94B339B4535846A4126 /* PBXContainerItemProxy */ = {
			isa = PBXContainerItemProxy;
			containerPortal = 79A77020A0FB44339E019A40 /* Project object */;
			proxyType = 1;
			remoteGlobalIDString = 8C12A32502EF4EB78D2948A4;
			remoteInfo = ZERO_CHECK;
		};
		E63C854EE105465ABC7B1D8D /* PBXContainerItemProxy */ = {
			isa = PBXContainerItemProxy;
			containerPortal = 79A77020A0FB44339E019A40 /* Project object */;
			proxyType = 1;
			remoteGlobalIDString = 8C12A32502EF4EB78D2948A4;
			remoteInfo = ZERO_CHECK;
		};
/* End PBXContainerItemProxy section */

/* Begin PBXFileReference section */
		10B0F48225AE4D85A3B5E2A7 /* /Users/yy/bugvm/bugvm/llvm/src/main/native/LLVM_wrap.c */ = {isa = PBXFileReference; explicitFileType = sourcecode.c.c; fileEncoding = 4; name = LLVM_wrap.c; path = src/main/native/LLVM_wrap.c; sourceTree = SOURCE_ROOT; };
		11851BFEB72D4176A3A21986 /* /Users/yy/bugvm/bugvm/llvm/src/main/native/LLVMExtra.cpp */ = {isa = PBXFileReference; explicitFileType = sourcecode.cpp.cpp; fileEncoding = 4; name = LLVMExtra.cpp; path = src/main/native/LLVMExtra.cpp; sourceTree = SOURCE_ROOT; };
		303B9ECC7DB14264AA9D8279 /* /Users/yy/bugvm/bugvm/llvm/CMakeLists.txt */ = {isa = PBXFileReference; explicitFileType = sourcecode.text; fileEncoding = 4; name = CMakeLists.txt; path = CMakeLists.txt; sourceTree = SOURCE_ROOT; };
		8780F9CDE8A74C399AB3677F /* /Users/yy/bugvm/bugvm/llvm/CMakeLists.txt */ = {isa = PBXFileReference; explicitFileType = sourcecode.text; fileEncoding = 4; name = CMakeLists.txt; path = CMakeLists.txt; sourceTree = SOURCE_ROOT; };
		8AB6875D44084D7BAB874E5D /* bugvm-llvm */ = {isa = PBXFileReference; explicitFileType = "compiled.mach-o.dylib"; path = "libbugvm-llvm.dylib"; refType = 0; sourceTree = BUILT_PRODUCTS_DIR; };
		97D3CB604951454EA2D17738 /* /Users/yy/bugvm/bugvm/llvm/CMakeLists.txt */ = {isa = PBXFileReference; explicitFileType = sourcecode.text; fileEncoding = 4; name = CMakeLists.txt; path = CMakeLists.txt; sourceTree = SOURCE_ROOT; };
		9D71C62E0DC8400F983CEDC6 /* /Users/yy/bugvm/bugvm/llvm/src/main/native/ClangExtra.cpp */ = {isa = PBXFileReference; explicitFileType = sourcecode.cpp.cpp; fileEncoding = 4; name = ClangExtra.cpp; path = src/main/native/ClangExtra.cpp; sourceTree = SOURCE_ROOT; };
		B68EF833AD154E9C85F4D08F /* /Users/yy/bugvm/bugvm/llvm/CMakeLists.txt */ = {isa = PBXFileReference; explicitFileType = sourcecode.text; fileEncoding = 4; name = CMakeLists.txt; path = CMakeLists.txt; sourceTree = SOURCE_ROOT; };
		E8719FFFAE7F49D38FC56F3E /* /Users/yy/bugvm/bugvm/llvm/CMakeLists.txt */ = {isa = PBXFileReference; explicitFileType = sourcecode.text; fileEncoding = 4; name = CMakeLists.txt; path = CMakeLists.txt; sourceTree = SOURCE_ROOT; };
/* End PBXFileReference section */

/* Begin PBXGroup section */
		08FF1B36D7F3464F95BBA7AA /* CMake Rules */ = {
			isa = PBXGroup;
			children = (
			);
			name = "CMake Rules";
			sourceTree = "<group>";
		};
		1D3C828B7F464DBEB89834A5 /* bugvm-llvm */ = {
			isa = PBXGroup;
			children = (
				DA6013FF28964DB4BF1A0127 /* Source Files */,
				97D3CB604951454EA2D17738 /* /Users/yy/bugvm/bugvm/llvm/CMakeLists.txt */,
			);
			name = "bugvm-llvm";
			sourceTree = "<group>";
		};
		39674C1BC38B4BD494BA1769 /* extllvm */ = {
			isa = PBXGroup;
			children = (
				B13E8288A9FE451780D0B8BD /* CMake Rules */,
				E8719FFFAE7F49D38FC56F3E /* /Users/yy/bugvm/bugvm/llvm/CMakeLists.txt */,
			);
			name = extllvm;
			sourceTree = "<group>";
		};
		3CB7BDE8EFEC45A29FE90C17 /* Products */ = {
			isa = PBXGroup;
			children = (
				8AB6875D44084D7BAB874E5D /* bugvm-llvm */,
			);
			name = Products;
			sourceTree = "<group>";
		};
		45DBAB3145BE4F4291FBF1E1 /* Sources */ = {
			isa = PBXGroup;
			children = (
				85EFD6DA474C41A28D4D12EA /* ExternalProjectTargets */,
				AAD11B3EB9154403A12030C3 /* ALL_BUILD */,
				EED0B23577E94428BAF846F5 /* ZERO_CHECK */,
				1D3C828B7F464DBEB89834A5 /* bugvm-llvm */,
			);
			name = Sources;
			sourceTree = "<group>";
		};
		70EDCC50CD6846EA8D5CDB1C /* extllvm */ = {
			isa = PBXGroup;
			children = (
				39674C1BC38B4BD494BA1769 /* extllvm */,
			);
			name = extllvm;
			sourceTree = "<group>";
		};
		7FA2DFC67278473A96AAA696 = {
			isa = PBXGroup;
			children = (
				45DBAB3145BE4F4291FBF1E1 /* Sources */,
				FC745D6465B1408C92F5E70F /* Resources */,
				3CB7BDE8EFEC45A29FE90C17 /* Products */,
			);
			sourceTree = "<group>";
		};
		85EFD6DA474C41A28D4D12EA /* ExternalProjectTargets */ = {
			isa = PBXGroup;
			children = (
				70EDCC50CD6846EA8D5CDB1C /* extllvm */,
				F22A15AB33944D45ACECD4E3 /* extclang */,
			);
			name = ExternalProjectTargets;
			sourceTree = "<group>";
		};
		8FDA7AE42C5B42FB97C8E7C9 /* CMake Rules */ = {
			isa = PBXGroup;
			children = (
			);
			name = "CMake Rules";
			sourceTree = "<group>";
		};
		9965CE18DC384960BC8BBC0F /* CMake Rules */ = {
			isa = PBXGroup;
			children = (
			);
			name = "CMake Rules";
			sourceTree = "<group>";
		};
		AAD11B3EB9154403A12030C3 /* ALL_BUILD */ = {
			isa = PBXGroup;
			children = (
				9965CE18DC384960BC8BBC0F /* CMake Rules */,
				303B9ECC7DB14264AA9D8279 /* /Users/yy/bugvm/bugvm/llvm/CMakeLists.txt */,
			);
			name = ALL_BUILD;
			sourceTree = "<group>";
		};
		B13E8288A9FE451780D0B8BD /* CMake Rules */ = {
			isa = PBXGroup;
			children = (
			);
			name = "CMake Rules";
			sourceTree = "<group>";
		};
		BEC1FE7AD2BA48D2A7763499 /* extclang */ = {
			isa = PBXGroup;
			children = (
				08FF1B36D7F3464F95BBA7AA /* CMake Rules */,
				8780F9CDE8A74C399AB3677F /* /Users/yy/bugvm/bugvm/llvm/CMakeLists.txt */,
			);
			name = extclang;
			sourceTree = "<group>";
		};
		DA6013FF28964DB4BF1A0127 /* Source Files */ = {
			isa = PBXGroup;
			children = (
				9D71C62E0DC8400F983CEDC6 /* /Users/yy/bugvm/bugvm/llvm/src/main/native/ClangExtra.cpp */,
				11851BFEB72D4176A3A21986 /* /Users/yy/bugvm/bugvm/llvm/src/main/native/LLVMExtra.cpp */,
				10B0F48225AE4D85A3B5E2A7 /* /Users/yy/bugvm/bugvm/llvm/src/main/native/LLVM_wrap.c */,
			);
			name = "Source Files";
			sourceTree = "<group>";
		};
		EED0B23577E94428BAF846F5 /* ZERO_CHECK */ = {
			isa = PBXGroup;
			children = (
				8FDA7AE42C5B42FB97C8E7C9 /* CMake Rules */,
				B68EF833AD154E9C85F4D08F /* /Users/yy/bugvm/bugvm/llvm/CMakeLists.txt */,
			);
			name = ZERO_CHECK;
			sourceTree = "<group>";
		};
		F22A15AB33944D45ACECD4E3 /* extclang */ = {
			isa = PBXGroup;
			children = (
				BEC1FE7AD2BA48D2A7763499 /* extclang */,
			);
			name = extclang;
			sourceTree = "<group>";
		};
		FC745D6465B1408C92F5E70F /* Resources */ = {
			isa = PBXGroup;
			children = (
			);
			name = Resources;
			sourceTree = "<group>";
		};
/* End PBXGroup section */

/* Begin PBXNativeTarget section */
		D0A589F26F8B4089B720D0E4 /* bugvm-llvm */ = {
			isa = PBXNativeTarget;
			buildConfigurationList = E0343671C3F04761BA02DEA4 /* Build configuration list for PBXNativeTarget "bugvm-llvm" */;
			buildPhases = (
				662AC9CD80084DA8AEF9B49D /* Sources */,
				EB3CD540CD5A46AAB002F0FA /* CMake PostBuild Rules */,
			);
			buildRules = (
			);
			dependencies = (
				6F1659CFD11F4DB0B75F138D /* PBXTargetDependency */,
				0845F41617B74FA98599D452 /* PBXTargetDependency */,
			);
			name = "bugvm-llvm";
			productName = "bugvm-llvm";
			productReference = 8AB6875D44084D7BAB874E5D /* bugvm-llvm */;
			productType = "com.apple.product-type.library.dynamic";
		};
/* End PBXNativeTarget section */

/* Begin PBXProject section */
		79A77020A0FB44339E019A40 /* Project object */ = {
			isa = PBXProject;
			attributes = {
				BuildIndependentTargetsInParallel = YES;
			};
			buildConfigurationList = 76BB38D5143D425296FFE9A4 /* Build configuration list for PBXProject "bugvm-llvm" */;
			buildSettings = {
			};
			buildStyles = (
				F229DB0091354966B682A75F /* Debug */,
				33D4DBD805E1406EBB17F490 /* Release */,
				8945295648344D33B5816062 /* MinSizeRel */,
				9F3E1869A0D04D0C88F1883A /* RelWithDebInfo */,
			);
			compatibilityVersion = "Xcode 3.2";
			hasScannedForEncodings = 0;
			mainGroup = 7FA2DFC67278473A96AAA696;
			projectDirPath = .;
			projectRoot = "";
			targets = (
				086BE17339AC45299994BA93 /* ALL_BUILD */,
				8C12A32502EF4EB78D2948A4 /* ZERO_CHECK */,
				D0A589F26F8B4089B720D0E4 /* bugvm-llvm */,
				B485994AE0594BADA55BFBDE /* extclang */,
				81C1A6EC295B4ED498117A7A /* extllvm */,
				E5BC11D4EA864C0E8DB6546A /* install */,
			);
		};
/* End PBXProject section */

/* Begin PBXShellScriptBuildPhase section */
		0971F39F7D784C99ABE867F5 = {
			isa = PBXShellScriptBuildPhase;
			buildActionMask = 2147483647;
			files = (
			);
			inputPaths = (
			);
			outputPaths = (
			);
			runOnlyForDeploymentPostprocessing = 0;
			shellPath = /bin/sh;
			shellScript = "# shell script goes here
exit 0";
			showEnvVarsInLog = 0;
		};
		1F1979575EB24B4C8D06A457 = {
			isa = PBXShellScriptBuildPhase;
			buildActionMask = 2147483647;
			files = (
			);
			inputPaths = (
			);
			outputPaths = (
			);
			runOnlyForDeploymentPostprocessing = 0;
			shellPath = /bin/sh;
			shellScript = "# shell script goes here
exit 0";
			showEnvVarsInLog = 0;
		};
		29E3C117B6CC46E99053207A = {
			isa = PBXShellScriptBuildPhase;
			buildActionMask = 2147483647;
			files = (
			);
			inputPaths = (
			);
			outputPaths = (
			);
			runOnlyForDeploymentPostprocessing = 0;
			shellPath = /bin/sh;
			shellScript = "# shell script goes here
exit 0";
			showEnvVarsInLog = 0;
		};
		33E6CBABD8B64AD28F7A641D /* CMake Rules */ = {
			isa = PBXShellScriptBuildPhase;
			buildActionMask = 2147483647;
			files = (
			);
			name = "CMake Rules";
			runOnlyForDeploymentPostprocessing = 0;
			shellPath = /bin/sh;
			shellScript = "make -C /Users/yy/bugvm/bugvm/llvm -f /Users/yy/bugvm/bugvm/llvm/CMakeScripts/extllvm_cmakeRulesBuildPhase.make$CONFIGURATION all";
			showEnvVarsInLog = 0;
		};
		35CCE62800FE447895379C4D /* CMake Rules */ = {
			isa = PBXShellScriptBuildPhase;
			buildActionMask = 2147483647;
			files = (
			);
			name = "CMake Rules";
			runOnlyForDeploymentPostprocessing = 0;
			shellPath = /bin/sh;
			shellScript = "make -C /Users/yy/bugvm/bugvm/llvm -f /Users/yy/bugvm/bugvm/llvm/CMakeScripts/ZERO_CHECK_cmakeRulesBuildPhase.make$CONFIGURATION all";
			showEnvVarsInLog = 0;
		};
		6255E9ADD68946DF9717984F /* CMake Rules */ = {
			isa = PBXShellScriptBuildPhase;
			buildActionMask = 2147483647;
			files = (
			);
			name = "CMake Rules";
			runOnlyForDeploymentPostprocessing = 0;
			shellPath = /bin/sh;
			shellScript = "make -C /Users/yy/bugvm/bugvm/llvm -f /Users/yy/bugvm/bugvm/llvm/CMakeScripts/ALL_BUILD_cmakeRulesBuildPhase.make$CONFIGURATION all";
			showEnvVarsInLog = 0;
		};
		65FF5C5EAA884D77BC262EBD = {
			isa = PBXShellScriptBuildPhase;
			buildActionMask = 2147483647;
			files = (
			);
			inputPaths = (
			);
			outputPaths = (
			);
			runOnlyForDeploymentPostprocessing = 0;
			shellPath = /bin/sh;
			shellScript = "# shell script goes here
exit 0";
			showEnvVarsInLog = 0;
		};
		71D84E68F50F4FC388F00460 = {
			isa = PBXShellScriptBuildPhase;
			buildActionMask = 2147483647;
			files = (
			);
			inputPaths = (
			);
			outputPaths = (
			);
			runOnlyForDeploymentPostprocessing = 0;
			shellPath = /bin/sh;
			shellScript = "# shell script goes here
exit 0";
			showEnvVarsInLog = 0;
		};
		B86BC647EF9E467ABD2D811A /* CMake PostBuild Rules */ = {
			isa = PBXShellScriptBuildPhase;
			buildActionMask = 2147483647;
			files = (
			);
			name = "CMake PostBuild Rules";
			runOnlyForDeploymentPostprocessing = 0;
			shellPath = /bin/sh;
			shellScript = "make -C /Users/yy/bugvm/bugvm/llvm -f /Users/yy/bugvm/bugvm/llvm/CMakeScripts/install_postBuildPhase.make$CONFIGURATION all";
			showEnvVarsInLog = 0;
		};
		BEA3E058A0774F9DB00AAC67 /* CMake Rules */ = {
			isa = PBXShellScriptBuildPhase;
			buildActionMask = 2147483647;
			files = (
			);
			name = "CMake Rules";
			runOnlyForDeploymentPostprocessing = 0;
			shellPath = /bin/sh;
			shellScript = "make -C /Users/yy/bugvm/bugvm/llvm -f /Users/yy/bugvm/bugvm/llvm/CMakeScripts/extclang_cmakeRulesBuildPhase.make$CONFIGURATION all";
			showEnvVarsInLog = 0;
		};
		EB3CD540CD5A46AAB002F0FA /* CMake PostBuild Rules */ = {
			isa = PBXShellScriptBuildPhase;
			buildActionMask = 2147483647;
			files = (
			);
			name = "CMake PostBuild Rules";
			runOnlyForDeploymentPostprocessing = 0;
			shellPath = /bin/sh;
			shellScript = "make -C /Users/yy/bugvm/bugvm/llvm -f /Users/yy/bugvm/bugvm/llvm/CMakeScripts/bugvm-llvm_postBuildPhase.make$CONFIGURATION all";
			showEnvVarsInLog = 0;
		};
/* End PBXShellScriptBuildPhase section */

/* Begin PBXSourcesBuildPhase section */
		662AC9CD80084DA8AEF9B49D /* Sources */ = {
			isa = PBXSourcesBuildPhase;
			buildActionMask = 2147483647;
			files = (
				040AD80527D14294990FC980 /* /Users/yy/bugvm/bugvm/llvm/src/main/native/ClangExtra.cpp */,
				9F366ECF8E7D417E86736212 /* /Users/yy/bugvm/bugvm/llvm/src/main/native/LLVMExtra.cpp */,
				2D27FAC79CD348998454BD6A /* /Users/yy/bugvm/bugvm/llvm/src/main/native/LLVM_wrap.c */,
			);
			runOnlyForDeploymentPostprocessing = 0;
		};
/* End PBXSourcesBuildPhase section */

/* Begin PBXTargetDependency section */
		0845F41617B74FA98599D452 /* PBXTargetDependency */ = {
			isa = PBXTargetDependency;
			target = 8C12A32502EF4EB78D2948A4 /* ZERO_CHECK */;
			targetProxy = BAF9A94B339B4535846A4126 /* PBXContainerItemProxy */;
		};
		15FC2F5E6B244E8D874C020F /* PBXTargetDependency */ = {
			isa = PBXTargetDependency;
			target = D0A589F26F8B4089B720D0E4 /* bugvm-llvm */;
			targetProxy = 85B33A090ACF48D88C3D57D8 /* PBXContainerItemProxy */;
		};
		4198BCE0153D4E16944EF956 /* PBXTargetDependency */ = {
			isa = PBXTargetDependency;
			target = B485994AE0594BADA55BFBDE /* extclang */;
			targetProxy = 3858C6250E3E4ED794097BE0 /* PBXContainerItemProxy */;
		};
		58FA5CD918D245209DF03851 /* PBXTargetDependency */ = {
			isa = PBXTargetDependency;
			target = 8C12A32502EF4EB78D2948A4 /* ZERO_CHECK */;
			targetProxy = 3C26E8CC3D304256A3DC4FCF /* PBXContainerItemProxy */;
		};
		6A9AE20B7AD24A688E83746E /* PBXTargetDependency */ = {
			isa = PBXTargetDependency;
			target = 8C12A32502EF4EB78D2948A4 /* ZERO_CHECK */;
			targetProxy = 75EA0D885C304DA3B45A535A /* PBXContainerItemProxy */;
		};
		6F1659CFD11F4DB0B75F138D /* PBXTargetDependency */ = {
			isa = PBXTargetDependency;
			target = 81C1A6EC295B4ED498117A7A /* extllvm */;
			targetProxy = 0E4749133B754E29B085C856 /* PBXContainerItemProxy */;
		};
		8D71798744B94633B207E3B4 /* PBXTargetDependency */ = {
			isa = PBXTargetDependency;
			target = 81C1A6EC295B4ED498117A7A /* extllvm */;
			targetProxy = 87EDFE95E9B3456A8D627066 /* PBXContainerItemProxy */;
		};
		9D8401D67AC141B1B45FFB25 /* PBXTargetDependency */ = {
			isa = PBXTargetDependency;
			target = 086BE17339AC45299994BA93 /* ALL_BUILD */;
			targetProxy = 1134D4E4BE114980BC71041C /* PBXContainerItemProxy */;
		};
		9EEFBA358E8145B3B033098F /* PBXTargetDependency */ = {
			isa = PBXTargetDependency;
			target = B485994AE0594BADA55BFBDE /* extclang */;
			targetProxy = 7E5CB4C9EE464571B5C7212F /* PBXContainerItemProxy */;
		};
		C3C1CC55376F4DCF8E85BAB8 /* PBXTargetDependency */ = {
			isa = PBXTargetDependency;
			target = 8C12A32502EF4EB78D2948A4 /* ZERO_CHECK */;
			targetProxy = E63C854EE105465ABC7B1D8D /* PBXContainerItemProxy */;
		};
/* End PBXTargetDependency section */

/* Begin XCBuildConfiguration section */
		0BD0BA56D7AF4E589E1CD8B9 /* MinSizeRel */ = {
			isa = XCBuildConfiguration;
			buildSettings = {
				COMBINE_HIDPI_IMAGES = YES;
				GCC_GENERATE_DEBUGGING_SYMBOLS = YES;
				GCC_INLINES_ARE_PRIVATE_EXTERN = NO;
				GCC_OPTIMIZATION_LEVEL = 0;
				GCC_PREPROCESSOR_DEFINITIONS = ("'CMAKE_INTDIR=\"$(CONFIGURATION)$(EFFECTIVE_PLATFORM_NAME)\"'", __STDC_LIMIT_MACROS, __STDC_CONSTANT_MACROS, );
				GCC_SYMBOLS_PRIVATE_EXTERN = NO;
				HEADER_SEARCH_PATHS = (/Library/Java/JavaVirtualMachines/jdk1.8.0_60.jdk/Contents/Home/include, /Library/Java/JavaVirtualMachines/jdk1.8.0_60.jdk/Contents/Home/include/darwin, /Users/yy/bugvm/bugvm/llvm/llvm/include, );
				INSTALL_PATH = "";
				OTHER_LDFLAGS = " ";
				OTHER_REZFLAGS = "";
				PRODUCT_NAME = ZERO_CHECK;
				SECTORDER_FLAGS = "";
				SYMROOT = /Users/yy/bugvm/bugvm/llvm;
				USE_HEADERMAP = NO;
				WARNING_CFLAGS = ("-Wmost", "-Wno-four-char-constants", "-Wno-unknown-pragmas", "$(inherited)", );
			};
			name = MinSizeRel;
		};
		0E8EE1CF81344F2F9DA6C987 /* RelWithDebInfo */ = {
			isa = XCBuildConfiguration;
			buildSettings = {
				ONLY_ACTIVE_ARCH = YES;
				SDKROOT = /Applications/Xcode6.app/Contents/Developer/Platforms/MacOSX.platform/Developer/SDKs/MacOSX10.10.sdk;
				SYMROOT = /Users/yy/bugvm/bugvm/llvm/build;
			};
			name = RelWithDebInfo;
		};
		12D3B212C6C64A2AA9D3ED5E /* RelWithDebInfo */ = {
			isa = XCBuildConfiguration;
			buildSettings = {
				COMBINE_HIDPI_IMAGES = YES;
				GCC_GENERATE_DEBUGGING_SYMBOLS = YES;
				GCC_INLINES_ARE_PRIVATE_EXTERN = NO;
				GCC_OPTIMIZATION_LEVEL = 0;
				GCC_PREPROCESSOR_DEFINITIONS = ("'CMAKE_INTDIR=\"$(CONFIGURATION)$(EFFECTIVE_PLATFORM_NAME)\"'", __STDC_LIMIT_MACROS, __STDC_CONSTANT_MACROS, );
				GCC_SYMBOLS_PRIVATE_EXTERN = NO;
				HEADER_SEARCH_PATHS = (/Library/Java/JavaVirtualMachines/jdk1.8.0_60.jdk/Contents/Home/include, /Library/Java/JavaVirtualMachines/jdk1.8.0_60.jdk/Contents/Home/include/darwin, /Users/yy/bugvm/bugvm/llvm/llvm/include, );
				INSTALL_PATH = "";
				OTHER_LDFLAGS = " ";
				OTHER_REZFLAGS = "";
				PRODUCT_NAME = extllvm;
				SECTORDER_FLAGS = "";
				SYMROOT = /Users/yy/bugvm/bugvm/llvm;
				USE_HEADERMAP = NO;
				WARNING_CFLAGS = ("-Wmost", "-Wno-four-char-constants", "-Wno-unknown-pragmas", "$(inherited)", );
			};
			name = RelWithDebInfo;
		};
		3A512B70B0924341B9B6F7A1 /* Debug */ = {
			isa = XCBuildConfiguration;
			buildSettings = {
				COMBINE_HIDPI_IMAGES = YES;
				DYLIB_COMPATIBILITY_VERSION = "";
				DYLIB_CURRENT_VERSION = "";
				EXECUTABLE_PREFIX = lib;
				EXECUTABLE_SUFFIX = .dylib;
				GCC_GENERATE_DEBUGGING_SYMBOLS = YES;
				GCC_INLINES_ARE_PRIVATE_EXTERN = NO;
				GCC_OPTIMIZATION_LEVEL = 0;
				GCC_PREPROCESSOR_DEFINITIONS = ("'CMAKE_INTDIR=\"$(CONFIGURATION)$(EFFECTIVE_PLATFORM_NAME)\"'", bugvm_llvm_EXPORTS, __STDC_LIMIT_MACROS, __STDC_CONSTANT_MACROS, );
				GCC_SYMBOLS_PRIVATE_EXTERN = NO;
				HEADER_SEARCH_PATHS = (/Library/Java/JavaVirtualMachines/jdk1.8.0_60.jdk/Contents/Home/include, /Library/Java/JavaVirtualMachines/jdk1.8.0_60.jdk/Contents/Home/include/darwin, /Users/yy/bugvm/bugvm/llvm/llvm/include, );
				INSTALL_PATH = /Users/yy/bugvm/bugvm/llvm/Debug;
				LIBRARY_SEARCH_PATHS = "";
				LIBRARY_STYLE = DYNAMIC;
				OTHER_CFLAGS = "  -fvisibility=hidden -fdata-sections -ffunction-sections -arch x86_64 -mmacosx-version-min=10.7 -isysroot /Applications/Xcode6.app/Contents/Developer/Platforms/MacOSX.platform/Developer/SDKs/MacOSX10.9.sdk    -fPIC  ";
				OTHER_CPLUSPLUSFLAGS = "  -fvisibility=hidden -fdata-sections -ffunction-sections -arch x86_64 -mmacosx-version-min=10.7 -isysroot /Applications/Xcode6.app/Contents/Developer/Platforms/MacOSX.platform/Developer/SDKs/MacOSX10.9.sdk -fno-rtti -std=c++0x -stdlib=libc++    -fPIC  ";
				OTHER_LDFLAGS = "-Wl,-dead_strip -Wl,-exported_symbols_list -Wl,/Users/yy/bugvm/bugvm/llvm/src/main/native/exports_macosx.sym -dynamiclib -Wl,-headerpad_max_install_names  -lLLVMObjCARCOpts -lLLVMInstrumentation -lLLVMOption -lLLVMLinker -lLLVMDebugInfo -lLLVMAArch64Disassembler -lLLVMAArch64CodeGen -lLLVMAArch64AsmParser -lLLVMAArch64Desc -lLLVMAArch64Info -lLLVMAArch64AsmPrinter -lLLVMAArch64Utils -lLLVMX86Disassembler -lLLVMX86AsmParser -lLLVMX86CodeGen -lLLVMX86Desc -lLLVMX86Info -lLLVMX86AsmPrinter -lLLVMX86Utils -lLLVMARMDisassembler -lLLVMARMCodeGen -lLLVMSelectionDAG -lLLVMAsmPrinter -lLLVMCodeGen -lLLVMARMAsmParser -lLLVMARMDesc -lLLVMMCDisassembler -lLLVMARMInfo -lLLVMARMAsmPrinter -lLLVMipo -lLLVMVectorize -lLLVMScalarOpts -lLLVMProfileData -lLLVMObject -lLLVMMCParser -lLLVMInstCombine -lLLVMTransformUtils -lLLVMipa -lLLVMAnalysis -lLLVMTarget -lLLVMMC -lLLVMIRReader -lLLVMAsmParser -lLLVMBitWriter -lLLVMBitReader -lLLVMCore -lLLVMSupport -lclangFrontend -lclangAST -lclangBasic -lclangLex -lclangSerialization -lclangSema -lclangEdit -lclangCodeGen -lclangParse -lclangAnalysis -lclangDriver -L\"/Users/yy/bugvm/bugvm/llvm/llvm/lib\" -lcurses -lpthread -lz";
				OTHER_REZFLAGS = "";
				PRODUCT_NAME = "bugvm-llvm";
				SECTORDER_FLAGS = "";
				SYMROOT = /Users/yy/bugvm/bugvm/llvm;
				USE_HEADERMAP = NO;
				WARNING_CFLAGS = ("-Wmost", "-Wno-four-char-constants", "-Wno-unknown-pragmas", "$(inherited)", );
			};
			name = Debug;
		};
		40206D451EB6420FA751160E /* MinSizeRel */ = {
			isa = XCBuildConfiguration;
			buildSettings = {
				COMBINE_HIDPI_IMAGES = YES;
				GCC_GENERATE_DEBUGGING_SYMBOLS = YES;
				GCC_INLINES_ARE_PRIVATE_EXTERN = NO;
				GCC_OPTIMIZATION_LEVEL = 0;
				GCC_PREPROCESSOR_DEFINITIONS = ("'CMAKE_INTDIR=\"$(CONFIGURATION)$(EFFECTIVE_PLATFORM_NAME)\"'", __STDC_LIMIT_MACROS, __STDC_CONSTANT_MACROS, );
				GCC_SYMBOLS_PRIVATE_EXTERN = NO;
				HEADER_SEARCH_PATHS = (/Library/Java/JavaVirtualMachines/jdk1.8.0_60.jdk/Contents/Home/include, /Library/Java/JavaVirtualMachines/jdk1.8.0_60.jdk/Contents/Home/include/darwin, /Users/yy/bugvm/bugvm/llvm/llvm/include, );
				INSTALL_PATH = "";
				OTHER_LDFLAGS = " ";
				OTHER_REZFLAGS = "";
				PRODUCT_NAME = extllvm;
				SECTORDER_FLAGS = "";
				SYMROOT = /Users/yy/bugvm/bugvm/llvm;
				USE_HEADERMAP = NO;
				WARNING_CFLAGS = ("-Wmost", "-Wno-four-char-constants", "-Wno-unknown-pragmas", "$(inherited)", );
			};
			name = MinSizeRel;
		};
		516F67A833114030A28C2F4E /* Debug */ = {
			isa = XCBuildConfiguration;
			buildSettings = {
				COMBINE_HIDPI_IMAGES = YES;
				GCC_GENERATE_DEBUGGING_SYMBOLS = YES;
				GCC_INLINES_ARE_PRIVATE_EXTERN = NO;
				GCC_OPTIMIZATION_LEVEL = 0;
				GCC_PREPROCESSOR_DEFINITIONS = ("'CMAKE_INTDIR=\"$(CONFIGURATION)$(EFFECTIVE_PLATFORM_NAME)\"'", );
				GCC_SYMBOLS_PRIVATE_EXTERN = NO;
				HEADER_SEARCH_PATHS = (/Library/Java/JavaVirtualMachines/jdk1.8.0_60.jdk/Contents/Home/include, /Library/Java/JavaVirtualMachines/jdk1.8.0_60.jdk/Contents/Home/include/darwin, /Users/yy/bugvm/bugvm/llvm/llvm/include, );
				INSTALL_PATH = "";
				OTHER_LDFLAGS = " ";
				OTHER_REZFLAGS = "";
				PRODUCT_NAME = install;
				SECTORDER_FLAGS = "";
				SYMROOT = /Users/yy/bugvm/bugvm/llvm;
				USE_HEADERMAP = NO;
				WARNING_CFLAGS = ("-Wmost", "-Wno-four-char-constants", "-Wno-unknown-pragmas", "$(inherited)", );
			};
			name = Debug;
		};
		5B36DE45F8AC4C4F85472C73 /* MinSizeRel */ = {
			isa = XCBuildConfiguration;
			buildSettings = {
				COMBINE_HIDPI_IMAGES = YES;
				GCC_GENERATE_DEBUGGING_SYMBOLS = YES;
				GCC_INLINES_ARE_PRIVATE_EXTERN = NO;
				GCC_OPTIMIZATION_LEVEL = 0;
				GCC_PREPROCESSOR_DEFINITIONS = ("'CMAKE_INTDIR=\"$(CONFIGURATION)$(EFFECTIVE_PLATFORM_NAME)\"'", __STDC_LIMIT_MACROS, __STDC_CONSTANT_MACROS, );
				GCC_SYMBOLS_PRIVATE_EXTERN = NO;
				HEADER_SEARCH_PATHS = (/Library/Java/JavaVirtualMachines/jdk1.8.0_60.jdk/Contents/Home/include, /Library/Java/JavaVirtualMachines/jdk1.8.0_60.jdk/Contents/Home/include/darwin, /Users/yy/bugvm/bugvm/llvm/llvm/include, );
				INSTALL_PATH = "";
				OTHER_LDFLAGS = " ";
				OTHER_REZFLAGS = "";
				PRODUCT_NAME = ALL_BUILD;
				SECTORDER_FLAGS = "";
				SYMROOT = /Users/yy/bugvm/bugvm/llvm;
				USE_HEADERMAP = NO;
				WARNING_CFLAGS = ("-Wmost", "-Wno-four-char-constants", "-Wno-unknown-pragmas", "$(inherited)", );
			};
			name = MinSizeRel;
		};
		5B4CC5B098F643B489CC2232 /* Release */ = {
			isa = XCBuildConfiguration;
			buildSettings = {
				COMBINE_HIDPI_IMAGES = YES;
				DYLIB_COMPATIBILITY_VERSION = "";
				DYLIB_CURRENT_VERSION = "";
				EXECUTABLE_PREFIX = lib;
				EXECUTABLE_SUFFIX = .dylib;
				GCC_GENERATE_DEBUGGING_SYMBOLS = NO;
				GCC_INLINES_ARE_PRIVATE_EXTERN = NO;
				GCC_OPTIMIZATION_LEVEL = 3;
				GCC_PREPROCESSOR_DEFINITIONS = ("'CMAKE_INTDIR=\"$(CONFIGURATION)$(EFFECTIVE_PLATFORM_NAME)\"'", bugvm_llvm_EXPORTS, __STDC_LIMIT_MACROS, __STDC_CONSTANT_MACROS, );
				GCC_SYMBOLS_PRIVATE_EXTERN = NO;
				HEADER_SEARCH_PATHS = (/Library/Java/JavaVirtualMachines/jdk1.8.0_60.jdk/Contents/Home/include, /Library/Java/JavaVirtualMachines/jdk1.8.0_60.jdk/Contents/Home/include/darwin, /Users/yy/bugvm/bugvm/llvm/llvm/include, );
				INSTALL_PATH = /Users/yy/bugvm/bugvm/llvm/Release;
				LIBRARY_SEARCH_PATHS = "";
				LIBRARY_STYLE = DYNAMIC;
				OTHER_CFLAGS = "  -fvisibility=hidden -fdata-sections -ffunction-sections -arch x86_64 -mmacosx-version-min=10.7 -isysroot /Applications/Xcode6.app/Contents/Developer/Platforms/MacOSX.platform/Developer/SDKs/MacOSX10.9.sdk     -DNDEBUG -fPIC  ";
				OTHER_CPLUSPLUSFLAGS = "  -fvisibility=hidden -fdata-sections -ffunction-sections -arch x86_64 -mmacosx-version-min=10.7 -isysroot /Applications/Xcode6.app/Contents/Developer/Platforms/MacOSX.platform/Developer/SDKs/MacOSX10.9.sdk -fno-rtti -std=c++0x -stdlib=libc++     -DNDEBUG -fPIC  ";
				OTHER_LDFLAGS = "-Wl,-dead_strip -Wl,-exported_symbols_list -Wl,/Users/yy/bugvm/bugvm/llvm/src/main/native/exports_macosx.sym -dynamiclib -Wl,-headerpad_max_install_names  -lLLVMObjCARCOpts -lLLVMInstrumentation -lLLVMOption -lLLVMLinker -lLLVMDebugInfo -lLLVMAArch64Disassembler -lLLVMAArch64CodeGen -lLLVMAArch64AsmParser -lLLVMAArch64Desc -lLLVMAArch64Info -lLLVMAArch64AsmPrinter -lLLVMAArch64Utils -lLLVMX86Disassembler -lLLVMX86AsmParser -lLLVMX86CodeGen -lLLVMX86Desc -lLLVMX86Info -lLLVMX86AsmPrinter -lLLVMX86Utils -lLLVMARMDisassembler -lLLVMARMCodeGen -lLLVMSelectionDAG -lLLVMAsmPrinter -lLLVMCodeGen -lLLVMARMAsmParser -lLLVMARMDesc -lLLVMMCDisassembler -lLLVMARMInfo -lLLVMARMAsmPrinter -lLLVMipo -lLLVMVectorize -lLLVMScalarOpts -lLLVMProfileData -lLLVMObject -lLLVMMCParser -lLLVMInstCombine -lLLVMTransformUtils -lLLVMipa -lLLVMAnalysis -lLLVMTarget -lLLVMMC -lLLVMIRReader -lLLVMAsmParser -lLLVMBitWriter -lLLVMBitReader -lLLVMCore -lLLVMSupport -lclangFrontend -lclangAST -lclangBasic -lclangLex -lclangSerialization -lclangSema -lclangEdit -lclangCodeGen -lclangParse -lclangAnalysis -lclangDriver -L\"/Users/yy/bugvm/bugvm/llvm/llvm/lib\" -lcurses -lpthread -lz";
				OTHER_REZFLAGS = "";
				PRODUCT_NAME = "bugvm-llvm";
				SECTORDER_FLAGS = "";
				SYMROOT = /Users/yy/bugvm/bugvm/llvm;
				USE_HEADERMAP = NO;
				WARNING_CFLAGS = ("-Wmost", "-Wno-four-char-constants", "-Wno-unknown-pragmas", "$(inherited)", );
			};
			name = Release;
		};
		6329C7D7E51847D9B2E1E66F /* Release */ = {
			isa = XCBuildConfiguration;
			buildSettings = {
				COMBINE_HIDPI_IMAGES = YES;
				GCC_GENERATE_DEBUGGING_SYMBOLS = YES;
				GCC_INLINES_ARE_PRIVATE_EXTERN = NO;
				GCC_OPTIMIZATION_LEVEL = 0;
				GCC_PREPROCESSOR_DEFINITIONS = ("'CMAKE_INTDIR=\"$(CONFIGURATION)$(EFFECTIVE_PLATFORM_NAME)\"'", __STDC_LIMIT_MACROS, __STDC_CONSTANT_MACROS, );
				GCC_SYMBOLS_PRIVATE_EXTERN = NO;
				HEADER_SEARCH_PATHS = (/Library/Java/JavaVirtualMachines/jdk1.8.0_60.jdk/Contents/Home/include, /Library/Java/JavaVirtualMachines/jdk1.8.0_60.jdk/Contents/Home/include/darwin, /Users/yy/bugvm/bugvm/llvm/llvm/include, );
				INSTALL_PATH = "";
				OTHER_LDFLAGS = " ";
				OTHER_REZFLAGS = "";
				PRODUCT_NAME = ALL_BUILD;
				SECTORDER_FLAGS = "";
				SYMROOT = /Users/yy/bugvm/bugvm/llvm;
				USE_HEADERMAP = NO;
				WARNING_CFLAGS = ("-Wmost", "-Wno-four-char-constants", "-Wno-unknown-pragmas", "$(inherited)", );
			};
			name = Release;
		};
		65D6F4DA001246F29590A339 /* RelWithDebInfo */ = {
			isa = XCBuildConfiguration;
			buildSettings = {
				COMBINE_HIDPI_IMAGES = YES;
				GCC_GENERATE_DEBUGGING_SYMBOLS = YES;
				GCC_INLINES_ARE_PRIVATE_EXTERN = NO;
				GCC_OPTIMIZATION_LEVEL = 0;
				GCC_PREPROCESSOR_DEFINITIONS = ("'CMAKE_INTDIR=\"$(CONFIGURATION)$(EFFECTIVE_PLATFORM_NAME)\"'", );
				GCC_SYMBOLS_PRIVATE_EXTERN = NO;
				HEADER_SEARCH_PATHS = (/Library/Java/JavaVirtualMachines/jdk1.8.0_60.jdk/Contents/Home/include, /Library/Java/JavaVirtualMachines/jdk1.8.0_60.jdk/Contents/Home/include/darwin, /Users/yy/bugvm/bugvm/llvm/llvm/include, );
				INSTALL_PATH = "";
				OTHER_LDFLAGS = " ";
				OTHER_REZFLAGS = "";
				PRODUCT_NAME = install;
				SECTORDER_FLAGS = "";
				SYMROOT = /Users/yy/bugvm/bugvm/llvm;
				USE_HEADERMAP = NO;
				WARNING_CFLAGS = ("-Wmost", "-Wno-four-char-constants", "-Wno-unknown-pragmas", "$(inherited)", );
			};
			name = RelWithDebInfo;
		};
		6E94BE29ECE049C8885EA5D9 /* Release */ = {
			isa = XCBuildConfiguration;
			buildSettings = {
				COMBINE_HIDPI_IMAGES = YES;
				GCC_GENERATE_DEBUGGING_SYMBOLS = YES;
				GCC_INLINES_ARE_PRIVATE_EXTERN = NO;
				GCC_OPTIMIZATION_LEVEL = 0;
				GCC_PREPROCESSOR_DEFINITIONS = ("'CMAKE_INTDIR=\"$(CONFIGURATION)$(EFFECTIVE_PLATFORM_NAME)\"'", __STDC_LIMIT_MACROS, __STDC_CONSTANT_MACROS, );
				GCC_SYMBOLS_PRIVATE_EXTERN = NO;
				HEADER_SEARCH_PATHS = (/Library/Java/JavaVirtualMachines/jdk1.8.0_60.jdk/Contents/Home/include, /Library/Java/JavaVirtualMachines/jdk1.8.0_60.jdk/Contents/Home/include/darwin, /Users/yy/bugvm/bugvm/llvm/llvm/include, );
				INSTALL_PATH = "";
				OTHER_LDFLAGS = " ";
				OTHER_REZFLAGS = "";
				PRODUCT_NAME = ZERO_CHECK;
				SECTORDER_FLAGS = "";
				SYMROOT = /Users/yy/bugvm/bugvm/llvm;
				USE_HEADERMAP = NO;
				WARNING_CFLAGS = ("-Wmost", "-Wno-four-char-constants", "-Wno-unknown-pragmas", "$(inherited)", );
			};
			name = Release;
		};
		75576C3CE0374222889D3F07 /* Release */ = {
			isa = XCBuildConfiguration;
			buildSettings = {
				ONLY_ACTIVE_ARCH = YES;
				SDKROOT = /Applications/Xcode6.app/Contents/Developer/Platforms/MacOSX.platform/Developer/SDKs/MacOSX10.10.sdk;
				SYMROOT = /Users/yy/bugvm/bugvm/llvm/build;
			};
			name = Release;
		};
		887BEF42D756407CA2090B9F /* Release */ = {
			isa = XCBuildConfiguration;
			buildSettings = {
				COMBINE_HIDPI_IMAGES = YES;
				GCC_GENERATE_DEBUGGING_SYMBOLS = YES;
				GCC_INLINES_ARE_PRIVATE_EXTERN = NO;
				GCC_OPTIMIZATION_LEVEL = 0;
				GCC_PREPROCESSOR_DEFINITIONS = ("'CMAKE_INTDIR=\"$(CONFIGURATION)$(EFFECTIVE_PLATFORM_NAME)\"'", __STDC_LIMIT_MACROS, __STDC_CONSTANT_MACROS, );
				GCC_SYMBOLS_PRIVATE_EXTERN = NO;
				HEADER_SEARCH_PATHS = (/Library/Java/JavaVirtualMachines/jdk1.8.0_60.jdk/Contents/Home/include, /Library/Java/JavaVirtualMachines/jdk1.8.0_60.jdk/Contents/Home/include/darwin, /Users/yy/bugvm/bugvm/llvm/llvm/include, );
				INSTALL_PATH = "";
				OTHER_LDFLAGS = " ";
				OTHER_REZFLAGS = "";
				PRODUCT_NAME = extllvm;
				SECTORDER_FLAGS = "";
				SYMROOT = /Users/yy/bugvm/bugvm/llvm;
				USE_HEADERMAP = NO;
				WARNING_CFLAGS = ("-Wmost", "-Wno-four-char-constants", "-Wno-unknown-pragmas", "$(inherited)", );
			};
			name = Release;
		};
		8A30B013A7BE45C6BC7C1FD0 /* RelWithDebInfo */ = {
			isa = XCBuildConfiguration;
			buildSettings = {
				COMBINE_HIDPI_IMAGES = YES;
				DYLIB_COMPATIBILITY_VERSION = "";
				DYLIB_CURRENT_VERSION = "";
				EXECUTABLE_PREFIX = lib;
				EXECUTABLE_SUFFIX = .dylib;
				GCC_GENERATE_DEBUGGING_SYMBOLS = YES;
				GCC_INLINES_ARE_PRIVATE_EXTERN = NO;
				GCC_OPTIMIZATION_LEVEL = 2;
				GCC_PREPROCESSOR_DEFINITIONS = ("'CMAKE_INTDIR=\"$(CONFIGURATION)$(EFFECTIVE_PLATFORM_NAME)\"'", bugvm_llvm_EXPORTS, __STDC_LIMIT_MACROS, __STDC_CONSTANT_MACROS, );
				GCC_SYMBOLS_PRIVATE_EXTERN = NO;
				HEADER_SEARCH_PATHS = (/Library/Java/JavaVirtualMachines/jdk1.8.0_60.jdk/Contents/Home/include, /Library/Java/JavaVirtualMachines/jdk1.8.0_60.jdk/Contents/Home/include/darwin, /Users/yy/bugvm/bugvm/llvm/llvm/include, );
				INSTALL_PATH = /Users/yy/bugvm/bugvm/llvm/RelWithDebInfo;
				LIBRARY_SEARCH_PATHS = "";
				LIBRARY_STYLE = DYNAMIC;
				OTHER_CFLAGS = "  -fvisibility=hidden -fdata-sections -ffunction-sections -arch x86_64 -mmacosx-version-min=10.7 -isysroot /Applications/Xcode6.app/Contents/Developer/Platforms/MacOSX.platform/Developer/SDKs/MacOSX10.9.sdk        -DNDEBUG -fPIC  ";
				OTHER_CPLUSPLUSFLAGS = "  -fvisibility=hidden -fdata-sections -ffunction-sections -arch x86_64 -mmacosx-version-min=10.7 -isysroot /Applications/Xcode6.app/Contents/Developer/Platforms/MacOSX.platform/Developer/SDKs/MacOSX10.9.sdk -fno-rtti -std=c++0x -stdlib=libc++        -DNDEBUG -fPIC  ";
				OTHER_LDFLAGS = "-Wl,-dead_strip -Wl,-exported_symbols_list -Wl,/Users/yy/bugvm/bugvm/llvm/src/main/native/exports_macosx.sym -dynamiclib -Wl,-headerpad_max_install_names  -lLLVMObjCARCOpts -lLLVMInstrumentation -lLLVMOption -lLLVMLinker -lLLVMDebugInfo -lLLVMAArch64Disassembler -lLLVMAArch64CodeGen -lLLVMAArch64AsmParser -lLLVMAArch64Desc -lLLVMAArch64Info -lLLVMAArch64AsmPrinter -lLLVMAArch64Utils -lLLVMX86Disassembler -lLLVMX86AsmParser -lLLVMX86CodeGen -lLLVMX86Desc -lLLVMX86Info -lLLVMX86AsmPrinter -lLLVMX86Utils -lLLVMARMDisassembler -lLLVMARMCodeGen -lLLVMSelectionDAG -lLLVMAsmPrinter -lLLVMCodeGen -lLLVMARMAsmParser -lLLVMARMDesc -lLLVMMCDisassembler -lLLVMARMInfo -lLLVMARMAsmPrinter -lLLVMipo -lLLVMVectorize -lLLVMScalarOpts -lLLVMProfileData -lLLVMObject -lLLVMMCParser -lLLVMInstCombine -lLLVMTransformUtils -lLLVMipa -lLLVMAnalysis -lLLVMTarget -lLLVMMC -lLLVMIRReader -lLLVMAsmParser -lLLVMBitWriter -lLLVMBitReader -lLLVMCore -lLLVMSupport -lclangFrontend -lclangAST -lclangBasic -lclangLex -lclangSerialization -lclangSema -lclangEdit -lclangCodeGen -lclangParse -lclangAnalysis -lclangDriver -L\"/Users/yy/bugvm/bugvm/llvm/llvm/lib\" -lcurses -lpthread -lz";
				OTHER_REZFLAGS = "";
				PRODUCT_NAME = "bugvm-llvm";
				SECTORDER_FLAGS = "";
				SYMROOT = /Users/yy/bugvm/bugvm/llvm;
				USE_HEADERMAP = NO;
				WARNING_CFLAGS = ("-Wmost", "-Wno-four-char-constants", "-Wno-unknown-pragmas", "$(inherited)", );
			};
			name = RelWithDebInfo;
		};
		9B7D93D582A9435A95385541 /* MinSizeRel */ = {
			isa = XCBuildConfiguration;
			buildSettings = {
				COMBINE_HIDPI_IMAGES = YES;
				GCC_GENERATE_DEBUGGING_SYMBOLS = YES;
				GCC_INLINES_ARE_PRIVATE_EXTERN = NO;
				GCC_OPTIMIZATION_LEVEL = 0;
				GCC_PREPROCESSOR_DEFINITIONS = ("'CMAKE_INTDIR=\"$(CONFIGURATION)$(EFFECTIVE_PLATFORM_NAME)\"'", __STDC_LIMIT_MACROS, __STDC_CONSTANT_MACROS, );
				GCC_SYMBOLS_PRIVATE_EXTERN = NO;
				HEADER_SEARCH_PATHS = (/Library/Java/JavaVirtualMachines/jdk1.8.0_60.jdk/Contents/Home/include, /Library/Java/JavaVirtualMachines/jdk1.8.0_60.jdk/Contents/Home/include/darwin, /Users/yy/bugvm/bugvm/llvm/llvm/include, );
				INSTALL_PATH = "";
				OTHER_LDFLAGS = " ";
				OTHER_REZFLAGS = "";
				PRODUCT_NAME = extclang;
				SECTORDER_FLAGS = "";
				SYMROOT = /Users/yy/bugvm/bugvm/llvm;
				USE_HEADERMAP = NO;
				WARNING_CFLAGS = ("-Wmost", "-Wno-four-char-constants", "-Wno-unknown-pragmas", "$(inherited)", );
			};
			name = MinSizeRel;
		};
		9BA65CBFEB094AB38D771ED9 /* Debug */ = {
			isa = XCBuildConfiguration;
			buildSettings = {
				COMBINE_HIDPI_IMAGES = YES;
				GCC_GENERATE_DEBUGGING_SYMBOLS = YES;
				GCC_INLINES_ARE_PRIVATE_EXTERN = NO;
				GCC_OPTIMIZATION_LEVEL = 0;
				GCC_PREPROCESSOR_DEFINITIONS = ("'CMAKE_INTDIR=\"$(CONFIGURATION)$(EFFECTIVE_PLATFORM_NAME)\"'", __STDC_LIMIT_MACROS, __STDC_CONSTANT_MACROS, );
				GCC_SYMBOLS_PRIVATE_EXTERN = NO;
				HEADER_SEARCH_PATHS = (/Library/Java/JavaVirtualMachines/jdk1.8.0_60.jdk/Contents/Home/include, /Library/Java/JavaVirtualMachines/jdk1.8.0_60.jdk/Contents/Home/include/darwin, /Users/yy/bugvm/bugvm/llvm/llvm/include, );
				INSTALL_PATH = "";
				OTHER_LDFLAGS = " ";
				OTHER_REZFLAGS = "";
				PRODUCT_NAME = extllvm;
				SECTORDER_FLAGS = "";
				SYMROOT = /Users/yy/bugvm/bugvm/llvm;
				USE_HEADERMAP = NO;
				WARNING_CFLAGS = ("-Wmost", "-Wno-four-char-constants", "-Wno-unknown-pragmas", "$(inherited)", );
			};
			name = Debug;
		};
		AD447413E70446A4A04C6888 /* Debug */ = {
			isa = XCBuildConfiguration;
			buildSettings = {
				ONLY_ACTIVE_ARCH = YES;
				SDKROOT = /Applications/Xcode6.app/Contents/Developer/Platforms/MacOSX.platform/Developer/SDKs/MacOSX10.10.sdk;
				SYMROOT = /Users/yy/bugvm/bugvm/llvm/build;
			};
			name = Debug;
		};
		BB71F21C4A0C489798923BC2 /* MinSizeRel */ = {
			isa = XCBuildConfiguration;
			buildSettings = {
				COMBINE_HIDPI_IMAGES = YES;
				GCC_GENERATE_DEBUGGING_SYMBOLS = YES;
				GCC_INLINES_ARE_PRIVATE_EXTERN = NO;
				GCC_OPTIMIZATION_LEVEL = 0;
				GCC_PREPROCESSOR_DEFINITIONS = ("'CMAKE_INTDIR=\"$(CONFIGURATION)$(EFFECTIVE_PLATFORM_NAME)\"'", );
				GCC_SYMBOLS_PRIVATE_EXTERN = NO;
				HEADER_SEARCH_PATHS = (/Library/Java/JavaVirtualMachines/jdk1.8.0_60.jdk/Contents/Home/include, /Library/Java/JavaVirtualMachines/jdk1.8.0_60.jdk/Contents/Home/include/darwin, /Users/yy/bugvm/bugvm/llvm/llvm/include, );
				INSTALL_PATH = "";
				OTHER_LDFLAGS = " ";
				OTHER_REZFLAGS = "";
				PRODUCT_NAME = install;
				SECTORDER_FLAGS = "";
				SYMROOT = /Users/yy/bugvm/bugvm/llvm;
				USE_HEADERMAP = NO;
				WARNING_CFLAGS = ("-Wmost", "-Wno-four-char-constants", "-Wno-unknown-pragmas", "$(inherited)", );
			};
			name = MinSizeRel;
		};
		BE79F98F94654976883D8984 /* MinSizeRel */ = {
			isa = XCBuildConfiguration;
			buildSettings = {
				ONLY_ACTIVE_ARCH = YES;
				SDKROOT = /Applications/Xcode6.app/Contents/Developer/Platforms/MacOSX.platform/Developer/SDKs/MacOSX10.10.sdk;
				SYMROOT = /Users/yy/bugvm/bugvm/llvm/build;
			};
			name = MinSizeRel;
		};
		BFDCCD225F50468F9E6835FF /* Debug */ = {
			isa = XCBuildConfiguration;
			buildSettings = {
				COMBINE_HIDPI_IMAGES = YES;
				GCC_GENERATE_DEBUGGING_SYMBOLS = YES;
				GCC_INLINES_ARE_PRIVATE_EXTERN = NO;
				GCC_OPTIMIZATION_LEVEL = 0;
				GCC_PREPROCESSOR_DEFINITIONS = ("'CMAKE_INTDIR=\"$(CONFIGURATION)$(EFFECTIVE_PLATFORM_NAME)\"'", __STDC_LIMIT_MACROS, __STDC_CONSTANT_MACROS, );
				GCC_SYMBOLS_PRIVATE_EXTERN = NO;
				HEADER_SEARCH_PATHS = (/Library/Java/JavaVirtualMachines/jdk1.8.0_60.jdk/Contents/Home/include, /Library/Java/JavaVirtualMachines/jdk1.8.0_60.jdk/Contents/Home/include/darwin, /Users/yy/bugvm/bugvm/llvm/llvm/include, );
				INSTALL_PATH = "";
				OTHER_LDFLAGS = " ";
				OTHER_REZFLAGS = "";
				PRODUCT_NAME = ZERO_CHECK;
				SECTORDER_FLAGS = "";
				SYMROOT = /Users/yy/bugvm/bugvm/llvm;
				USE_HEADERMAP = NO;
				WARNING_CFLAGS = ("-Wmost", "-Wno-four-char-constants", "-Wno-unknown-pragmas", "$(inherited)", );
			};
			name = Debug;
		};
		C02A843A48FE4A4BAAEEBF17 /* Release */ = {
			isa = XCBuildConfiguration;
			buildSettings = {
				COMBINE_HIDPI_IMAGES = YES;
				GCC_GENERATE_DEBUGGING_SYMBOLS = YES;
				GCC_INLINES_ARE_PRIVATE_EXTERN = NO;
				GCC_OPTIMIZATION_LEVEL = 0;
				GCC_PREPROCESSOR_DEFINITIONS = ("'CMAKE_INTDIR=\"$(CONFIGURATION)$(EFFECTIVE_PLATFORM_NAME)\"'", __STDC_LIMIT_MACROS, __STDC_CONSTANT_MACROS, );
				GCC_SYMBOLS_PRIVATE_EXTERN = NO;
				HEADER_SEARCH_PATHS = (/Library/Java/JavaVirtualMachines/jdk1.8.0_60.jdk/Contents/Home/include, /Library/Java/JavaVirtualMachines/jdk1.8.0_60.jdk/Contents/Home/include/darwin, /Users/yy/bugvm/bugvm/llvm/llvm/include, );
				INSTALL_PATH = "";
				OTHER_LDFLAGS = " ";
				OTHER_REZFLAGS = "";
				PRODUCT_NAME = extclang;
				SECTORDER_FLAGS = "";
				SYMROOT = /Users/yy/bugvm/bugvm/llvm;
				USE_HEADERMAP = NO;
				WARNING_CFLAGS = ("-Wmost", "-Wno-four-char-constants", "-Wno-unknown-pragmas", "$(inherited)", );
			};
			name = Release;
		};
		C085BDF7582D426D80112B38 /* Release */ = {
			isa = XCBuildConfiguration;
			buildSettings = {
				COMBINE_HIDPI_IMAGES = YES;
				GCC_GENERATE_DEBUGGING_SYMBOLS = YES;
				GCC_INLINES_ARE_PRIVATE_EXTERN = NO;
				GCC_OPTIMIZATION_LEVEL = 0;
				GCC_PREPROCESSOR_DEFINITIONS = ("'CMAKE_INTDIR=\"$(CONFIGURATION)$(EFFECTIVE_PLATFORM_NAME)\"'", );
				GCC_SYMBOLS_PRIVATE_EXTERN = NO;
				HEADER_SEARCH_PATHS = (/Library/Java/JavaVirtualMachines/jdk1.8.0_60.jdk/Contents/Home/include, /Library/Java/JavaVirtualMachines/jdk1.8.0_60.jdk/Contents/Home/include/darwin, /Users/yy/bugvm/bugvm/llvm/llvm/include, );
				INSTALL_PATH = "";
				OTHER_LDFLAGS = " ";
				OTHER_REZFLAGS = "";
				PRODUCT_NAME = install;
				SECTORDER_FLAGS = "";
				SYMROOT = /Users/yy/bugvm/bugvm/llvm;
				USE_HEADERMAP = NO;
				WARNING_CFLAGS = ("-Wmost", "-Wno-four-char-constants", "-Wno-unknown-pragmas", "$(inherited)", );
			};
			name = Release;
		};
		CA0EC0ED9064448598F10B9F /* Debug */ = {
			isa = XCBuildConfiguration;
			buildSettings = {
				COMBINE_HIDPI_IMAGES = YES;
				GCC_GENERATE_DEBUGGING_SYMBOLS = YES;
				GCC_INLINES_ARE_PRIVATE_EXTERN = NO;
				GCC_OPTIMIZATION_LEVEL = 0;
				GCC_PREPROCESSOR_DEFINITIONS = ("'CMAKE_INTDIR=\"$(CONFIGURATION)$(EFFECTIVE_PLATFORM_NAME)\"'", __STDC_LIMIT_MACROS, __STDC_CONSTANT_MACROS, );
				GCC_SYMBOLS_PRIVATE_EXTERN = NO;
				HEADER_SEARCH_PATHS = (/Library/Java/JavaVirtualMachines/jdk1.8.0_60.jdk/Contents/Home/include, /Library/Java/JavaVirtualMachines/jdk1.8.0_60.jdk/Contents/Home/include/darwin, /Users/yy/bugvm/bugvm/llvm/llvm/include, );
				INSTALL_PATH = "";
				OTHER_LDFLAGS = " ";
				OTHER_REZFLAGS = "";
				PRODUCT_NAME = ALL_BUILD;
				SECTORDER_FLAGS = "";
				SYMROOT = /Users/yy/bugvm/bugvm/llvm;
				USE_HEADERMAP = NO;
				WARNING_CFLAGS = ("-Wmost", "-Wno-four-char-constants", "-Wno-unknown-pragmas", "$(inherited)", );
			};
			name = Debug;
		};
		DBEE2AEB0E6F4C339811506C /* MinSizeRel */ = {
			isa = XCBuildConfiguration;
			buildSettings = {
				COMBINE_HIDPI_IMAGES = YES;
				DYLIB_COMPATIBILITY_VERSION = "";
				DYLIB_CURRENT_VERSION = "";
				EXECUTABLE_PREFIX = lib;
				EXECUTABLE_SUFFIX = .dylib;
				GCC_GENERATE_DEBUGGING_SYMBOLS = NO;
				GCC_INLINES_ARE_PRIVATE_EXTERN = NO;
				GCC_OPTIMIZATION_LEVEL = s;
				GCC_PREPROCESSOR_DEFINITIONS = ("'CMAKE_INTDIR=\"$(CONFIGURATION)$(EFFECTIVE_PLATFORM_NAME)\"'", bugvm_llvm_EXPORTS, __STDC_LIMIT_MACROS, __STDC_CONSTANT_MACROS, );
				GCC_SYMBOLS_PRIVATE_EXTERN = NO;
				HEADER_SEARCH_PATHS = (/Library/Java/JavaVirtualMachines/jdk1.8.0_60.jdk/Contents/Home/include, /Library/Java/JavaVirtualMachines/jdk1.8.0_60.jdk/Contents/Home/include/darwin, /Users/yy/bugvm/bugvm/llvm/llvm/include, );
				INSTALL_PATH = /Users/yy/bugvm/bugvm/llvm/MinSizeRel;
				LIBRARY_SEARCH_PATHS = "";
				LIBRARY_STYLE = DYNAMIC;
				OTHER_CFLAGS = "  -fvisibility=hidden -fdata-sections -ffunction-sections -arch x86_64 -mmacosx-version-min=10.7 -isysroot /Applications/Xcode6.app/Contents/Developer/Platforms/MacOSX.platform/Developer/SDKs/MacOSX10.9.sdk     -DNDEBUG -fPIC  ";
				OTHER_CPLUSPLUSFLAGS = "  -fvisibility=hidden -fdata-sections -ffunction-sections -arch x86_64 -mmacosx-version-min=10.7 -isysroot /Applications/Xcode6.app/Contents/Developer/Platforms/MacOSX.platform/Developer/SDKs/MacOSX10.9.sdk -fno-rtti -std=c++0x -stdlib=libc++     -DNDEBUG -fPIC  ";
				OTHER_LDFLAGS = "-Wl,-dead_strip -Wl,-exported_symbols_list -Wl,/Users/yy/bugvm/bugvm/llvm/src/main/native/exports_macosx.sym -dynamiclib -Wl,-headerpad_max_install_names  -lLLVMObjCARCOpts -lLLVMInstrumentation -lLLVMOption -lLLVMLinker -lLLVMDebugInfo -lLLVMAArch64Disassembler -lLLVMAArch64CodeGen -lLLVMAArch64AsmParser -lLLVMAArch64Desc -lLLVMAArch64Info -lLLVMAArch64AsmPrinter -lLLVMAArch64Utils -lLLVMX86Disassembler -lLLVMX86AsmParser -lLLVMX86CodeGen -lLLVMX86Desc -lLLVMX86Info -lLLVMX86AsmPrinter -lLLVMX86Utils -lLLVMARMDisassembler -lLLVMARMCodeGen -lLLVMSelectionDAG -lLLVMAsmPrinter -lLLVMCodeGen -lLLVMARMAsmParser -lLLVMARMDesc -lLLVMMCDisassembler -lLLVMARMInfo -lLLVMARMAsmPrinter -lLLVMipo -lLLVMVectorize -lLLVMScalarOpts -lLLVMProfileData -lLLVMObject -lLLVMMCParser -lLLVMInstCombine -lLLVMTransformUtils -lLLVMipa -lLLVMAnalysis -lLLVMTarget -lLLVMMC -lLLVMIRReader -lLLVMAsmParser -lLLVMBitWriter -lLLVMBitReader -lLLVMCore -lLLVMSupport -lclangFrontend -lclangAST -lclangBasic -lclangLex -lclangSerialization -lclangSema -lclangEdit -lclangCodeGen -lclangParse -lclangAnalysis -lclangDriver -L\"/Users/yy/bugvm/bugvm/llvm/llvm/lib\" -lcurses -lpthread -lz";
				OTHER_REZFLAGS = "";
				PRODUCT_NAME = "bugvm-llvm";
				SECTORDER_FLAGS = "";
				SYMROOT = /Users/yy/bugvm/bugvm/llvm;
				USE_HEADERMAP = NO;
				WARNING_CFLAGS = ("-Wmost", "-Wno-four-char-constants", "-Wno-unknown-pragmas", "$(inherited)", );
			};
			name = MinSizeRel;
		};
		DC8BCDCA9B714153901E308E /* RelWithDebInfo */ = {
			isa = XCBuildConfiguration;
			buildSettings = {
				COMBINE_HIDPI_IMAGES = YES;
				GCC_GENERATE_DEBUGGING_SYMBOLS = YES;
				GCC_INLINES_ARE_PRIVATE_EXTERN = NO;
				GCC_OPTIMIZATION_LEVEL = 0;
				GCC_PREPROCESSOR_DEFINITIONS = ("'CMAKE_INTDIR=\"$(CONFIGURATION)$(EFFECTIVE_PLATFORM_NAME)\"'", __STDC_LIMIT_MACROS, __STDC_CONSTANT_MACROS, );
				GCC_SYMBOLS_PRIVATE_EXTERN = NO;
				HEADER_SEARCH_PATHS = (/Library/Java/JavaVirtualMachines/jdk1.8.0_60.jdk/Contents/Home/include, /Library/Java/JavaVirtualMachines/jdk1.8.0_60.jdk/Contents/Home/include/darwin, /Users/yy/bugvm/bugvm/llvm/llvm/include, );
				INSTALL_PATH = "";
				OTHER_LDFLAGS = " ";
				OTHER_REZFLAGS = "";
				PRODUCT_NAME = ALL_BUILD;
				SECTORDER_FLAGS = "";
				SYMROOT = /Users/yy/bugvm/bugvm/llvm;
				USE_HEADERMAP = NO;
				WARNING_CFLAGS = ("-Wmost", "-Wno-four-char-constants", "-Wno-unknown-pragmas", "$(inherited)", );
			};
			name = RelWithDebInfo;
		};
		E8AEBA5A759E4FCFA2FAB8B3 /* RelWithDebInfo */ = {
			isa = XCBuildConfiguration;
			buildSettings = {
				COMBINE_HIDPI_IMAGES = YES;
				GCC_GENERATE_DEBUGGING_SYMBOLS = YES;
				GCC_INLINES_ARE_PRIVATE_EXTERN = NO;
				GCC_OPTIMIZATION_LEVEL = 0;
				GCC_PREPROCESSOR_DEFINITIONS = ("'CMAKE_INTDIR=\"$(CONFIGURATION)$(EFFECTIVE_PLATFORM_NAME)\"'", __STDC_LIMIT_MACROS, __STDC_CONSTANT_MACROS, );
				GCC_SYMBOLS_PRIVATE_EXTERN = NO;
				HEADER_SEARCH_PATHS = (/Library/Java/JavaVirtualMachines/jdk1.8.0_60.jdk/Contents/Home/include, /Library/Java/JavaVirtualMachines/jdk1.8.0_60.jdk/Contents/Home/include/darwin, /Users/yy/bugvm/bugvm/llvm/llvm/include, );
				INSTALL_PATH = "";
				OTHER_LDFLAGS = " ";
				OTHER_REZFLAGS = "";
				PRODUCT_NAME = extclang;
				SECTORDER_FLAGS = "";
				SYMROOT = /Users/yy/bugvm/bugvm/llvm;
				USE_HEADERMAP = NO;
				WARNING_CFLAGS = ("-Wmost", "-Wno-four-char-constants", "-Wno-unknown-pragmas", "$(inherited)", );
			};
			name = RelWithDebInfo;
		};
		ED727A4AB26F4632ABF613F6 /* RelWithDebInfo */ = {
			isa = XCBuildConfiguration;
			buildSettings = {
				COMBINE_HIDPI_IMAGES = YES;
				GCC_GENERATE_DEBUGGING_SYMBOLS = YES;
				GCC_INLINES_ARE_PRIVATE_EXTERN = NO;
				GCC_OPTIMIZATION_LEVEL = 0;
				GCC_PREPROCESSOR_DEFINITIONS = ("'CMAKE_INTDIR=\"$(CONFIGURATION)$(EFFECTIVE_PLATFORM_NAME)\"'", __STDC_LIMIT_MACROS, __STDC_CONSTANT_MACROS, );
				GCC_SYMBOLS_PRIVATE_EXTERN = NO;
				HEADER_SEARCH_PATHS = (/Library/Java/JavaVirtualMachines/jdk1.8.0_60.jdk/Contents/Home/include, /Library/Java/JavaVirtualMachines/jdk1.8.0_60.jdk/Contents/Home/include/darwin, /Users/yy/bugvm/bugvm/llvm/llvm/include, );
				INSTALL_PATH = "";
				OTHER_LDFLAGS = " ";
				OTHER_REZFLAGS = "";
				PRODUCT_NAME = ZERO_CHECK;
				SECTORDER_FLAGS = "";
				SYMROOT = /Users/yy/bugvm/bugvm/llvm;
				USE_HEADERMAP = NO;
				WARNING_CFLAGS = ("-Wmost", "-Wno-four-char-constants", "-Wno-unknown-pragmas", "$(inherited)", );
			};
			name = RelWithDebInfo;
		};
		FDA9948288714013B45ABE5D /* Debug */ = {
			isa = XCBuildConfiguration;
			buildSettings = {
				COMBINE_HIDPI_IMAGES = YES;
				GCC_GENERATE_DEBUGGING_SYMBOLS = YES;
				GCC_INLINES_ARE_PRIVATE_EXTERN = NO;
				GCC_OPTIMIZATION_LEVEL = 0;
				GCC_PREPROCESSOR_DEFINITIONS = ("'CMAKE_INTDIR=\"$(CONFIGURATION)$(EFFECTIVE_PLATFORM_NAME)\"'", __STDC_LIMIT_MACROS, __STDC_CONSTANT_MACROS, );
				GCC_SYMBOLS_PRIVATE_EXTERN = NO;
				HEADER_SEARCH_PATHS = (/Library/Java/JavaVirtualMachines/jdk1.8.0_60.jdk/Contents/Home/include, /Library/Java/JavaVirtualMachines/jdk1.8.0_60.jdk/Contents/Home/include/darwin, /Users/yy/bugvm/bugvm/llvm/llvm/include, );
				INSTALL_PATH = "";
				OTHER_LDFLAGS = " ";
				OTHER_REZFLAGS = "";
				PRODUCT_NAME = extclang;
				SECTORDER_FLAGS = "";
				SYMROOT = /Users/yy/bugvm/bugvm/llvm;
				USE_HEADERMAP = NO;
				WARNING_CFLAGS = ("-Wmost", "-Wno-four-char-constants", "-Wno-unknown-pragmas", "$(inherited)", );
			};
			name = Debug;
		};
/* End XCBuildConfiguration section */

/* Begin XCConfigurationList section */
		1323B82EA9C8417085B7AB06 /* Build configuration list for PBXAggregateTarget "extclang" */ = {
			isa = XCConfigurationList;
			buildConfigurations = (
				FDA9948288714013B45ABE5D /* Debug */,
				C02A843A48FE4A4BAAEEBF17 /* Release */,
				9B7D93D582A9435A95385541 /* MinSizeRel */,
				E8AEBA5A759E4FCFA2FAB8B3 /* RelWithDebInfo */,
			);
			defaultConfigurationIsVisible = 0;
			defaultConfigurationName = Debug;
		};
		76BB38D5143D425296FFE9A4 /* Build configuration list for PBXProject "bugvm-llvm" */ = {
			isa = XCConfigurationList;
			buildConfigurations = (
				AD447413E70446A4A04C6888 /* Debug */,
				75576C3CE0374222889D3F07 /* Release */,
				BE79F98F94654976883D8984 /* MinSizeRel */,
				0E8EE1CF81344F2F9DA6C987 /* RelWithDebInfo */,
			);
			defaultConfigurationIsVisible = 0;
			defaultConfigurationName = Debug;
		};
		A52AB67D075D4D4C8E920F07 /* Build configuration list for PBXAggregateTarget "extllvm" */ = {
			isa = XCConfigurationList;
			buildConfigurations = (
				9BA65CBFEB094AB38D771ED9 /* Debug */,
				887BEF42D756407CA2090B9F /* Release */,
				40206D451EB6420FA751160E /* MinSizeRel */,
				12D3B212C6C64A2AA9D3ED5E /* RelWithDebInfo */,
			);
			defaultConfigurationIsVisible = 0;
			defaultConfigurationName = Debug;
		};
		C08DAB5F433A4354929927BD /* Build configuration list for PBXAggregateTarget "ALL_BUILD" */ = {
			isa = XCConfigurationList;
			buildConfigurations = (
				CA0EC0ED9064448598F10B9F /* Debug */,
				6329C7D7E51847D9B2E1E66F /* Release */,
				5B36DE45F8AC4C4F85472C73 /* MinSizeRel */,
				DC8BCDCA9B714153901E308E /* RelWithDebInfo */,
			);
			defaultConfigurationIsVisible = 0;
			defaultConfigurationName = Debug;
		};
		E0343671C3F04761BA02DEA4 /* Build configuration list for PBXNativeTarget "bugvm-llvm" */ = {
			isa = XCConfigurationList;
			buildConfigurations = (
				3A512B70B0924341B9B6F7A1 /* Debug */,
				5B4CC5B098F643B489CC2232 /* Release */,
				DBEE2AEB0E6F4C339811506C /* MinSizeRel */,
				8A30B013A7BE45C6BC7C1FD0 /* RelWithDebInfo */,
			);
			defaultConfigurationIsVisible = 0;
			defaultConfigurationName = Debug;
		};
		F38DD4AAA99F48D9BA91F4D2 /* Build configuration list for PBXAggregateTarget "install" */ = {
			isa = XCConfigurationList;
			buildConfigurations = (
				516F67A833114030A28C2F4E /* Debug */,
				C085BDF7582D426D80112B38 /* Release */,
				BB71F21C4A0C489798923BC2 /* MinSizeRel */,
				65D6F4DA001246F29590A339 /* RelWithDebInfo */,
			);
			defaultConfigurationIsVisible = 0;
			defaultConfigurationName = Debug;
		};
		F9B4BE851CAD4DAEADE04B84 /* Build configuration list for PBXAggregateTarget "ZERO_CHECK" */ = {
			isa = XCConfigurationList;
			buildConfigurations = (
				BFDCCD225F50468F9E6835FF /* Debug */,
				6E94BE29ECE049C8885EA5D9 /* Release */,
				0BD0BA56D7AF4E589E1CD8B9 /* MinSizeRel */,
				ED727A4AB26F4632ABF613F6 /* RelWithDebInfo */,
			);
			defaultConfigurationIsVisible = 0;
			defaultConfigurationName = Debug;
		};
/* End XCConfigurationList section */
	};
	rootObject = 79A77020A0FB44339E019A40 /* Project object */;
}
